
Microsoft Visual Studio Solution File, Format Version 12.00
# Visual Studio Version 17
VisualStudioVersion = 17.14.36511.14
MinimumVisualStudioVersion = 10.0.40219.1
Project("{8BC9CEB8-8B4A-11D0-8D11-00A0C91BC942}") = "e01", "e01\e01.vcxproj", "{0329F39C-A37C-42F8-84AF-04A242BD969F}"
EndProject
Project("{8BC9CEB8-8B4A-11D0-8D11-00A0C91BC942}") = "e02", "e02\e02.vcxproj", "{84036926-7766-487E-9F49-48373BA58E37}"
EndProject
Project("{8BC9CEB8-8B4A-11D0-8D11-00A0C91BC942}") = "e03", "e03\e03.vcxproj", "{6426D343-CEFC-4D91-BAC7-3544BDED3441}"
EndProject
Project("{8BC9CEB8-8B4A-11D0-8D11-00A0C91BC942}") = "e04", "e04\e04.vcxproj", "{7F44C092-8CBC-4F54-80B6-1543B6784D5C}"
EndProject
Project("{8BC9CEB8-8B4A-11D0-8D11-00A0C91BC942}") = "e05", "e05\e05.vcxproj", "{D4B7D4D6-8529-4CF5-ACC5-6D8DE2A8343B}"
EndProject
Project("{8BC9CEB8-8B4A-11D0-8D11-00A0C91BC942}") = "e06", "e06\e06.vcxproj", "{16DCD843-0541-49F9-95F0-D2BB02CE8555}"
EndProject
Project("{8BC9CEB8-8B4A-11D0-8D11-00A0C91BC942}") = "e08", "e08\e08.vcxproj", "{8236945B-2DDD-41DD-84CF-19D9D9F677FE}"
EndProject
Project("{8BC9CEB8-8B4A-11D0-8D11-00A0C91BC942}") = "e07", "e07\e07.vcxproj", "{A411AFB5-5311-45F2-AF2E-F148B8219FBC}"
EndProject
Global
	GlobalSection(SolutionConfigurationPlatforms) = preSolution
		Debug|x64 = Debug|x64
		Debug|x86 = Debug|x86
		Release|x64 = Release|x64
		Release|x86 = Release|x86
	EndGlobalSection
	GlobalSection(ProjectConfigurationPlatforms) = postSolution
		{0329F39C-A37C-42F8-84AF-04A242BD969F}.Debug|x64.ActiveCfg = Debug|x64
		{0329F39C-A37C-42F8-84AF-04A242BD969F}.Debug|x64.Build.0 = Debug|x64
		{0329F39C-A37C-42F8-84AF-04A242BD969F}.Debug|x86.ActiveCfg = Debug|Win32
		{0329F39C-A37C-42F8-84AF-04A242BD969F}.Debug|x86.Build.0 = Debug|Win32
		{0329F39C-A37C-42F8-84AF-04A242BD969F}.Release|x64.ActiveCfg = Release|x64
		{0329F39C-A37C-42F8-84AF-04A242BD969F}.Release|x64.Build.0 = Release|x64
		{0329F39C-A37C-42F8-84AF-04A242BD969F}.Release|x86.ActiveCfg = Release|Win32
		{0329F39C-A37C-42F8-84AF-04A242BD969F}.Release|x86.Build.0 = Release|Win32
		{84036926-7766-487E-9F49-48373BA58E37}.Debug|x64.ActiveCfg = Debug|x64
		{84036926-7766-487E-9F49-48373BA58E37}.Debug|x64.Build.0 = Debug|x64
		{84036926-7766-487E-9F49-48373BA58E37}.Debug|x86.ActiveCfg = Debug|Win32
		{84036926-7766-487E-9F49-48373BA58E37}.Debug|x86.Build.0 = Debug|Win32
		{84036926-7766-487E-9F49-48373BA58E37}.Release|x64.ActiveCfg = Release|x64
		{84036926-7766-487E-9F49-48373BA58E37}.Release|x64.Build.0 = Release|x64
		{84036926-7766-487E-9F49-48373BA58E37}.Release|x86.ActiveCfg = Release|Win32
		{84036926-7766-487E-9F49-48373BA58E37}.Release|x86.Build.0 = Release|Win32
		{6426D343-CEFC-4D91-BAC7-3544BDED3441}.Debug|x64.ActiveCfg = Debug|x64
		{6426D343-CEFC-4D91-BAC7-3544BDED3441}.Debug|x64.Build.0 = Debug|x64
		{6426D343-CEFC-4D91-BAC7-3544BDED3441}.Debug|x86.ActiveCfg = Debug|Win32
		{6426D343-CEFC-4D91-BAC7-3544BDED3441}.Debug|x86.Build.0 = Debug|Win32
		{6426D343-CEFC-4D91-BAC7-3544BDED3441}.Release|x64.ActiveCfg = Release|x64
		{6426D343-CEFC-4D91-BAC7-3544BDED3441}.Release|x64.Build.0 = Release|x64
		{6426D343-CEFC-4D91-BAC7-3544BDED3441}.Release|x86.ActiveCfg = Release|Win32
		{6426D343-CEFC-4D91-BAC7-3544BDED3441}.Release|x86.Build.0 = Release|Win32
		{7F44C092-8CBC-4F54-80B6-1543B6784D5C}.Debug|x64.ActiveCfg = Debug|x64
		{7F44C092-8CBC-4F54-80B6-1543B6784D5C}.Debug|x64.Build.0 = Debug|x64
		{7F44C092-8CBC-4F54-80B6-1543B6784D5C}.Debug|x86.ActiveCfg = Debug|Win32
		{7F44C092-8CBC-4F54-80B6-1543B6784D5C}.Debug|x86.Build.0 = Debug|Win32
		{7F44C092-8CBC-4F54-80B6-1543B6784D5C}.Release|x64.ActiveCfg = Release|x64
		{7F44C092-8CBC-4F54-80B6-1543B6784D5C}.Release|x64.Build.0 = Release|x64
		{7F44C092-8CBC-4F54-80B6-1543B6784D5C}.Release|x86.ActiveCfg = Release|Win32
		{7F44C092-8CBC-4F54-80B6-1543B6784D5C}.Release|x86.Build.0 = Release|Win32
		{D4B7D4D6-8529-4CF5-ACC5-6D8DE2A8343B}.Debug|x64.ActiveCfg = Debug|x64
		{D4B7D4D6-8529-4CF5-ACC5-6D8DE2A8343B}.Debug|x64.Build.0 = Debug|x64
		{D4B7D4D6-8529-4CF5-ACC5-6D8DE2A8343B}.Debug|x86.ActiveCfg = Debug|Win32
		{D4B7D4D6-8529-4CF5-ACC5-6D8DE2A8343B}.Debug|x86.Build.0 = Debug|Win32
		{D4B7D4D6-8529-4CF5-ACC5-6D8DE2A8343B}.Release|x64.ActiveCfg = Release|x64
		{D4B7D4D6-8529-4CF5-ACC5-6D8DE2A8343B}.Release|x64.Build.0 = Release|x64
		{D4B7D4D6-8529-4CF5-ACC5-6D8DE2A8343B}.Release|x86.ActiveCfg = Release|Win32
		{D4B7D4D6-8529-4CF5-ACC5-6D8DE2A8343B}.Release|x86.Build.0 = Release|Win32
		{16DCD843-0541-49F9-95F0-D2BB02CE8555}.Debug|x64.ActiveCfg = Debug|x64
		{16DCD843-0541-49F9-95F0-D2BB02CE8555}.Debug|x64.Build.0 = Debug|x64
		{16DCD843-0541-49F9-95F0-D2BB02CE8555}.Debug|x86.ActiveCfg = Debug|Win32
		{16DCD843-0541-49F9-95F0-D2BB02CE8555}.Debug|x86.Build.0 = Debug|Win32
		{16DCD843-0541-49F9-95F0-D2BB02CE8555}.Release|x64.ActiveCfg = Release|x64
		{16DCD843-0541-49F9-95F0-D2BB02CE8555}.Release|x64.Build.0 = Release|x64
		{16DCD843-0541-49F9-95F0-D2BB02CE8555}.Release|x86.ActiveCfg = Release|Win32
		{16DCD843-0541-49F9-95F0-D2BB02CE8555}.Release|x86.Build.0 = Release|Win32
		{8236945B-2DDD-41DD-84CF-19D9D9F677FE}.Debug|x64.ActiveCfg = Debug|x64
		{8236945B-2DDD-41DD-84CF-19D9D9F677FE}.Debug|x64.Build.0 = Debug|x64
		{8236945B-2DDD-41DD-84CF-19D9D9F677FE}.Debug|x86.ActiveCfg = Debug|Win32
		{8236945B-2DDD-41DD-84CF-19D9D9F677FE}.Debug|x86.Build.0 = Debug|Win32
		{8236945B-2DDD-41DD-84CF-19D9D9F677FE}.Release|x64.ActiveCfg = Release|x64
		{8236945B-2DDD-41DD-84CF-19D9D9F677FE}.Release|x64.Build.0 = Release|x64
		{8236945B-2DDD-41DD-84CF-19D9D9F677FE}.Release|x86.ActiveCfg = Release|Win32
		{8236945B-2DDD-41DD-84CF-19D9D9F677FE}.Release|x86.Build.0 = Release|Win32
		{A411AFB5-5311-45F2-AF2E-F148B8219FBC}.Debug|x64.ActiveCfg = Debug|x64
		{A411AFB5-5311-45F2-AF2E-F148B8219FBC}.Debug|x64.Build.0 = Debug|x64
		{A411AFB5-5311-45F2-AF2E-F148B8219FBC}.Debug|x86.ActiveCfg = Debug|Win32
		{A411AFB5-5311-45F2-AF2E-F148B8219FBC}.Debug|x86.Build.0 = Debug|Win32
		{A411AFB5-5311-45F2-AF2E-F148B8219FBC}.Release|x64.ActiveCfg = Release|x64
		{A411AFB5-5311-45F2-AF2E-F148B8219FBC}.Release|x64.Build.0 = Release|x64
		{A411AFB5-5311-45F2-AF2E-F148B8219FBC}.Release|x86.ActiveCfg = Release|Win32
		{A411AFB5-5311-45F2-AF2E-F148B8219FBC}.Release|x86.Build.0 = Release|Win32
	EndGlobalSection
	GlobalSection(SolutionProperties) = preSolution
		HideSolutionNode = FALSE
	EndGlobalSection
	GlobalSection(ExtensibilityGlobals) = postSolution
		SolutionGuid = {C0A1011A-3398-4F14-9641-6EAAD01A88E0}
	EndGlobalSection
EndGlobal
