
Microsoft Visual Studio Solution File, Format Version 12.00
# Visual Studio Version 17
VisualStudioVersion = 17.14.36511.14
MinimumVisualStudioVersion = 10.0.40219.1
Project("{8BC9CEB8-8B4A-11D0-8D11-00A0C91BC942}") = "e01", "e01\e01.vcxproj", "{0329F39C-A37C-42F8-84AF-04A242BD969F}"
EndProject
Project("{8BC9CEB8-8B4A-11D0-8D11-00A0C91BC942}") = "e02", "e02\e02.vcxproj", "{84036926-7766-487E-9F49-48373BA58E37}"
EndProject
Project("{8BC9CEB8-8B4A-11D0-8D11-00A0C91BC942}") = "e03", "e03\e03.vcxproj", "{6426D343-CEFC-4D91-BAC7-3544BDED3441}"
EndProject
Project("{8BC9CEB8-8B4A-11D0-8D11-00A0C91BC942}") = "e04", "e04\e04.vcxproj", "{7F44C092-8CBC-4F54-80B6-1543B6784D5C}"
EndProject
Project("{8BC9CEB8-8B4A-11D0-8D11-00A0C91BC942}") = "e05", "e05\e05.vcxproj", "{D4B7D4D6-8529-4CF5-ACC5-6D8DE2A8343B}"
EndProject
Project("{8BC9CEB8-8B4A-11D0-8D11-00A0C91BC942}") = "e06", "e06\e06.vcxproj", "{16DCD843-0541-49F9-95F0-D2BB02CE8555}"
EndProject
Project("{8BC9CEB8-8B4A-11D0-8D11-00A0C91BC942}") = "e08", "e08\e08.vcxproj", "{8236945B-2DDD-41DD-84CF-19D9D9F677FE}"
EndProject
Project("{8BC9CEB8-8B4A-11D0-8D11-00A0C91BC942}") = "e07", "e07\e07.vcxproj", "{A411AFB5-5311-45F2-AF2E-F148B8219FBC}"
EndProject
Project("{8BC9CEB8-8B4A-11D0-8D11-00A0C91BC942}") = "e09", "e09\e09.vcxproj", "{B61F941D-CE4E-473A-816A-08EC6503BADE}"
EndProject
Project("{8BC9CEB8-8B4A-11D0-8D11-00A0C91BC942}") = "e10", "e10\e10.vcxproj", "{0547F11B-41D8-4FE6-AD9D-CECF31013B36}"
EndProject
Project("{8BC9CEB8-8B4A-11D0-8D11-00A0C91BC942}") = "e11", "e11\e11.vcxproj", "{EED03DD3-C4E5-4B7E-AA0C-EC5B328A59AC}"
EndProject
Project("{8BC9CEB8-8B4A-11D0-8D11-00A0C91BC942}") = "e12", "e12\e12.vcxproj", "{9F8D5589-7340-4797-871D-CD7ACDED7617}"
EndProject
Project("{8BC9CEB8-8B4A-11D0-8D11-00A0C91BC942}") = "e13", "e13\e13.vcxproj", "{39CCFA65-77BA-492C-AA7F-64AAA819DF1F}"
EndProject
Project("{8BC9CEB8-8B4A-11D0-8D11-00A0C91BC942}") = "e14", "e14\e14.vcxproj", "{01BBA170-D9E0-447C-9155-B8CA6513719A}"
EndProject
Project("{8BC9CEB8-8B4A-11D0-8D11-00A0C91BC942}") = "e15", "e15\e15.vcxproj", "{A53DABEE-1550-4A88-AEE1-C751D0163F2A}"
EndProject
Project("{8BC9CEB8-8B4A-11D0-8D11-00A0C91BC942}") = "e16", "e16\e16.vcxproj", "{5C0C1AD8-B131-42AD-8259-628C047EC6D2}"
EndProject
Project("{8BC9CEB8-8B4A-11D0-8D11-00A0C91BC942}") = "e17", "e17\e17.vcxproj", "{ECC4AC4D-82FC-499E-A2B6-26D6A336CCB3}"
EndProject
Project("{8BC9CEB8-8B4A-11D0-8D11-00A0C91BC942}") = "e18", "e18\e18.vcxproj", "{A88C4560-FCA8-4E47-98F7-8B696D71803A}"
EndProject
Project("{8BC9CEB8-8B4A-11D0-8D11-00A0C91BC942}") = "e19", "e19\e19.vcxproj", "{F0436341-E29D-47C1-BB90-75E74093E6B3}"
EndProject
Project("{8BC9CEB8-8B4A-11D0-8D11-00A0C91BC942}") = "e20", "e20\e20.vcxproj", "{72AE0764-75DD-4633-8903-35E732077B26}"
EndProject
Project("{8BC9CEB8-8B4A-11D0-8D11-00A0C91BC942}") = "e21", "e21\e21.vcxproj", "{6616E9F1-52D3-4391-9C1F-3E77D8C1D838}"
EndProject
Project("{8BC9CEB8-8B4A-11D0-8D11-00A0C91BC942}") = "e22", "e22\e22.vcxproj", "{9ACEB4D2-91C9-47C1-A82B-B865A9026C3E}"
EndProject
Project("{8BC9CEB8-8B4A-11D0-8D11-00A0C91BC942}") = "e23", "e23\e23.vcxproj", "{7B950EDC-990D-4C3E-A38C-F41850BFD9DD}"
EndProject
Project("{8BC9CEB8-8B4A-11D0-8D11-00A0C91BC942}") = "e24", "e24\e24.vcxproj", "{960FF6C8-D148-4A0A-8266-FB8042E90388}"
EndProject
Project("{8BC9CEB8-8B4A-11D0-8D11-00A0C91BC942}") = "e25", "e25\e25.vcxproj", "{0ED8DCEE-3262-4042-9103-852F3F15706D}"
EndProject
Project("{8BC9CEB8-8B4A-11D0-8D11-00A0C91BC942}") = "e26", "e26\e26.vcxproj", "{44271DCB-DFF7-4345-B6AF-165E4A7EA55D}"
EndProject
Project("{8BC9CEB8-8B4A-11D0-8D11-00A0C91BC942}") = "e27", "e27\e27.vcxproj", "{53D1F57F-B15D-4F1D-B13B-5F17A5A83C1C}"
EndProject
Project("{8BC9CEB8-8B4A-11D0-8D11-00A0C91BC942}") = "e28", "e28\e28.vcxproj", "{DF38D5C2-4854-4EB8-A66D-0C318078A017}"
EndProject
Project("{8BC9CEB8-8B4A-11D0-8D11-00A0C91BC942}") = "e29", "e29\e29.vcxproj", "{136385DB-C254-4D32-AEFB-BADC0F9D0660}"
EndProject
Project("{8BC9CEB8-8B4A-11D0-8D11-00A0C91BC942}") = "e30", "e30\e30.vcxproj", "{AFE59599-1598-48C4-98AB-BE8B53DF91C5}"
EndProject
Global
	GlobalSection(SolutionConfigurationPlatforms) = preSolution
		Debug|x64 = Debug|x64
		Debug|x86 = Debug|x86
		Release|x64 = Release|x64
		Release|x86 = Release|x86
	EndGlobalSection
	GlobalSection(ProjectConfigurationPlatforms) = postSolution
		{0329F39C-A37C-42F8-84AF-04A242BD969F}.Debug|x64.ActiveCfg = Debug|x64
		{0329F39C-A37C-42F8-84AF-04A242BD969F}.Debug|x64.Build.0 = Debug|x64
		{0329F39C-A37C-42F8-84AF-04A242BD969F}.Debug|x86.ActiveCfg = Debug|Win32
		{0329F39C-A37C-42F8-84AF-04A242BD969F}.Debug|x86.Build.0 = Debug|Win32
		{0329F39C-A37C-42F8-84AF-04A242BD969F}.Release|x64.ActiveCfg = Release|x64
		{0329F39C-A37C-42F8-84AF-04A242BD969F}.Release|x64.Build.0 = Release|x64
		{0329F39C-A37C-42F8-84AF-04A242BD969F}.Release|x86.ActiveCfg = Release|Win32
		{0329F39C-A37C-42F8-84AF-04A242BD969F}.Release|x86.Build.0 = Release|Win32
		{84036926-7766-487E-9F49-48373BA58E37}.Debug|x64.ActiveCfg = Debug|x64
		{84036926-7766-487E-9F49-48373BA58E37}.Debug|x64.Build.0 = Debug|x64
		{84036926-7766-487E-9F49-48373BA58E37}.Debug|x86.ActiveCfg = Debug|Win32
		{84036926-7766-487E-9F49-48373BA58E37}.Debug|x86.Build.0 = Debug|Win32
		{84036926-7766-487E-9F49-48373BA58E37}.Release|x64.ActiveCfg = Release|x64
		{84036926-7766-487E-9F49-48373BA58E37}.Release|x64.Build.0 = Release|x64
		{84036926-7766-487E-9F49-48373BA58E37}.Release|x86.ActiveCfg = Release|Win32
		{84036926-7766-487E-9F49-48373BA58E37}.Release|x86.Build.0 = Release|Win32
		{6426D343-CEFC-4D91-BAC7-3544BDED3441}.Debug|x64.ActiveCfg = Debug|x64
		{6426D343-CEFC-4D91-BAC7-3544BDED3441}.Debug|x64.Build.0 = Debug|x64
		{6426D343-CEFC-4D91-BAC7-3544BDED3441}.Debug|x86.ActiveCfg = Debug|Win32
		{6426D343-CEFC-4D91-BAC7-3544BDED3441}.Debug|x86.Build.0 = Debug|Win32
		{6426D343-CEFC-4D91-BAC7-3544BDED3441}.Release|x64.ActiveCfg = Release|x64
		{6426D343-CEFC-4D91-BAC7-3544BDED3441}.Release|x64.Build.0 = Release|x64
		{6426D343-CEFC-4D91-BAC7-3544BDED3441}.Release|x86.ActiveCfg = Release|Win32
		{6426D343-CEFC-4D91-BAC7-3544BDED3441}.Release|x86.Build.0 = Release|Win32
		{7F44C092-8CBC-4F54-80B6-1543B6784D5C}.Debug|x64.ActiveCfg = Debug|x64
		{7F44C092-8CBC-4F54-80B6-1543B6784D5C}.Debug|x64.Build.0 = Debug|x64
		{7F44C092-8CBC-4F54-80B6-1543B6784D5C}.Debug|x86.ActiveCfg = Debug|Win32
		{7F44C092-8CBC-4F54-80B6-1543B6784D5C}.Debug|x86.Build.0 = Debug|Win32
		{7F44C092-8CBC-4F54-80B6-1543B6784D5C}.Release|x64.ActiveCfg = Release|x64
		{7F44C092-8CBC-4F54-80B6-1543B6784D5C}.Release|x64.Build.0 = Release|x64
		{7F44C092-8CBC-4F54-80B6-1543B6784D5C}.Release|x86.ActiveCfg = Release|Win32
		{7F44C092-8CBC-4F54-80B6-1543B6784D5C}.Release|x86.Build.0 = Release|Win32
		{D4B7D4D6-8529-4CF5-ACC5-6D8DE2A8343B}.Debug|x64.ActiveCfg = Debug|x64
		{D4B7D4D6-8529-4CF5-ACC5-6D8DE2A8343B}.Debug|x64.Build.0 = Debug|x64
		{D4B7D4D6-8529-4CF5-ACC5-6D8DE2A8343B}.Debug|x86.ActiveCfg = Debug|Win32
		{D4B7D4D6-8529-4CF5-ACC5-6D8DE2A8343B}.Debug|x86.Build.0 = Debug|Win32
		{D4B7D4D6-8529-4CF5-ACC5-6D8DE2A8343B}.Release|x64.ActiveCfg = Release|x64
		{D4B7D4D6-8529-4CF5-ACC5-6D8DE2A8343B}.Release|x64.Build.0 = Release|x64
		{D4B7D4D6-8529-4CF5-ACC5-6D8DE2A8343B}.Release|x86.ActiveCfg = Release|Win32
		{D4B7D4D6-8529-4CF5-ACC5-6D8DE2A8343B}.Release|x86.Build.0 = Release|Win32
		{16DCD843-0541-49F9-95F0-D2BB02CE8555}.Debug|x64.ActiveCfg = Debug|x64
		{16DCD843-0541-49F9-95F0-D2BB02CE8555}.Debug|x64.Build.0 = Debug|x64
		{16DCD843-0541-49F9-95F0-D2BB02CE8555}.Debug|x86.ActiveCfg = Debug|Win32
		{16DCD843-0541-49F9-95F0-D2BB02CE8555}.Debug|x86.Build.0 = Debug|Win32
		{16DCD843-0541-49F9-95F0-D2BB02CE8555}.Release|x64.ActiveCfg = Release|x64
		{16DCD843-0541-49F9-95F0-D2BB02CE8555}.Release|x64.Build.0 = Release|x64
		{16DCD843-0541-49F9-95F0-D2BB02CE8555}.Release|x86.ActiveCfg = Release|Win32
		{16DCD843-0541-49F9-95F0-D2BB02CE8555}.Release|x86.Build.0 = Release|Win32
		{8236945B-2DDD-41DD-84CF-19D9D9F677FE}.Debug|x64.ActiveCfg = Debug|x64
		{8236945B-2DDD-41DD-84CF-19D9D9F677FE}.Debug|x64.Build.0 = Debug|x64
		{8236945B-2DDD-41DD-84CF-19D9D9F677FE}.Debug|x86.ActiveCfg = Debug|Win32
		{8236945B-2DDD-41DD-84CF-19D9D9F677FE}.Debug|x86.Build.0 = Debug|Win32
		{8236945B-2DDD-41DD-84CF-19D9D9F677FE}.Release|x64.ActiveCfg = Release|x64
		{8236945B-2DDD-41DD-84CF-19D9D9F677FE}.Release|x64.Build.0 = Release|x64
		{8236945B-2DDD-41DD-84CF-19D9D9F677FE}.Release|x86.ActiveCfg = Release|Win32
		{8236945B-2DDD-41DD-84CF-19D9D9F677FE}.Release|x86.Build.0 = Release|Win32
		{A411AFB5-5311-45F2-AF2E-F148B8219FBC}.Debug|x64.ActiveCfg = Debug|x64
		{A411AFB5-5311-45F2-AF2E-F148B8219FBC}.Debug|x64.Build.0 = Debug|x64
		{A411AFB5-5311-45F2-AF2E-F148B8219FBC}.Debug|x86.ActiveCfg = Debug|Win32
		{A411AFB5-5311-45F2-AF2E-F148B8219FBC}.Debug|x86.Build.0 = Debug|Win32
		{A411AFB5-5311-45F2-AF2E-F148B8219FBC}.Release|x64.ActiveCfg = Release|x64
		{A411AFB5-5311-45F2-AF2E-F148B8219FBC}.Release|x64.Build.0 = Release|x64
		{A411AFB5-5311-45F2-AF2E-F148B8219FBC}.Release|x86.ActiveCfg = Release|Win32
		{A411AFB5-5311-45F2-AF2E-F148B8219FBC}.Release|x86.Build.0 = Release|Win32
		{B61F941D-CE4E-473A-816A-08EC6503BADE}.Debug|x64.ActiveCfg = Debug|x64
		{B61F941D-CE4E-473A-816A-08EC6503BADE}.Debug|x64.Build.0 = Debug|x64
		{B61F941D-CE4E-473A-816A-08EC6503BADE}.Debug|x86.ActiveCfg = Debug|Win32
		{B61F941D-CE4E-473A-816A-08EC6503BADE}.Debug|x86.Build.0 = Debug|Win32
		{B61F941D-CE4E-473A-816A-08EC6503BADE}.Release|x64.ActiveCfg = Release|x64
		{B61F941D-CE4E-473A-816A-08EC6503BADE}.Release|x64.Build.0 = Release|x64
		{B61F941D-CE4E-473A-816A-08EC6503BADE}.Release|x86.ActiveCfg = Release|Win32
		{B61F941D-CE4E-473A-816A-08EC6503BADE}.Release|x86.Build.0 = Release|Win32
		{0547F11B-41D8-4FE6-AD9D-CECF31013B36}.Debug|x64.ActiveCfg = Debug|x64
		{0547F11B-41D8-4FE6-AD9D-CECF31013B36}.Debug|x64.Build.0 = Debug|x64
		{0547F11B-41D8-4FE6-AD9D-CECF31013B36}.Debug|x86.ActiveCfg = Debug|Win32
		{0547F11B-41D8-4FE6-AD9D-CECF31013B36}.Debug|x86.Build.0 = Debug|Win32
		{0547F11B-41D8-4FE6-AD9D-CECF31013B36}.Release|x64.ActiveCfg = Release|x64
		{0547F11B-41D8-4FE6-AD9D-CECF31013B36}.Release|x64.Build.0 = Release|x64
		{0547F11B-41D8-4FE6-AD9D-CECF31013B36}.Release|x86.ActiveCfg = Release|Win32
		{0547F11B-41D8-4FE6-AD9D-CECF31013B36}.Release|x86.Build.0 = Release|Win32
		{EED03DD3-C4E5-4B7E-AA0C-EC5B328A59AC}.Debug|x64.ActiveCfg = Debug|x64
		{EED03DD3-C4E5-4B7E-AA0C-EC5B328A59AC}.Debug|x64.Build.0 = Debug|x64
		{EED03DD3-C4E5-4B7E-AA0C-EC5B328A59AC}.Debug|x86.ActiveCfg = Debug|Win32
		{EED03DD3-C4E5-4B7E-AA0C-EC5B328A59AC}.Debug|x86.Build.0 = Debug|Win32
		{EED03DD3-C4E5-4B7E-AA0C-EC5B328A59AC}.Release|x64.ActiveCfg = Release|x64
		{EED03DD3-C4E5-4B7E-AA0C-EC5B328A59AC}.Release|x64.Build.0 = Release|x64
		{EED03DD3-C4E5-4B7E-AA0C-EC5B328A59AC}.Release|x86.ActiveCfg = Release|Win32
		{EED03DD3-C4E5-4B7E-AA0C-EC5B328A59AC}.Release|x86.Build.0 = Release|Win32
		{9F8D5589-7340-4797-871D-CD7ACDED7617}.Debug|x64.ActiveCfg = Debug|x64
		{9F8D5589-7340-4797-871D-CD7ACDED7617}.Debug|x64.Build.0 = Debug|x64
		{9F8D5589-7340-4797-871D-CD7ACDED7617}.Debug|x86.ActiveCfg = Debug|Win32
		{9F8D5589-7340-4797-871D-CD7ACDED7617}.Debug|x86.Build.0 = Debug|Win32
		{9F8D5589-7340-4797-871D-CD7ACDED7617}.Release|x64.ActiveCfg = Release|x64
		{9F8D5589-7340-4797-871D-CD7ACDED7617}.Release|x64.Build.0 = Release|x64
		{9F8D5589-7340-4797-871D-CD7ACDED7617}.Release|x86.ActiveCfg = Release|Win32
		{9F8D5589-7340-4797-871D-CD7ACDED7617}.Release|x86.Build.0 = Release|Win32
		{39CCFA65-77BA-492C-AA7F-64AAA819DF1F}.Debug|x64.ActiveCfg = Debug|x64
		{39CCFA65-77BA-492C-AA7F-64AAA819DF1F}.Debug|x64.Build.0 = Debug|x64
		{39CCFA65-77BA-492C-AA7F-64AAA819DF1F}.Debug|x86.ActiveCfg = Debug|Win32
		{39CCFA65-77BA-492C-AA7F-64AAA819DF1F}.Debug|x86.Build.0 = Debug|Win32
		{39CCFA65-77BA-492C-AA7F-64AAA819DF1F}.Release|x64.ActiveCfg = Release|x64
		{39CCFA65-77BA-492C-AA7F-64AAA819DF1F}.Release|x64.Build.0 = Release|x64
		{39CCFA65-77BA-492C-AA7F-64AAA819DF1F}.Release|x86.ActiveCfg = Release|Win32
		{39CCFA65-77BA-492C-AA7F-64AAA819DF1F}.Release|x86.Build.0 = Release|Win32
		{01BBA170-D9E0-447C-9155-B8CA6513719A}.Debug|x64.ActiveCfg = Debug|x64
		{01BBA170-D9E0-447C-9155-B8CA6513719A}.Debug|x64.Build.0 = Debug|x64
		{01BBA170-D9E0-447C-9155-B8CA6513719A}.Debug|x86.ActiveCfg = Debug|Win32
		{01BBA170-D9E0-447C-9155-B8CA6513719A}.Debug|x86.Build.0 = Debug|Win32
		{01BBA170-D9E0-447C-9155-B8CA6513719A}.Release|x64.ActiveCfg = Release|x64
		{01BBA170-D9E0-447C-9155-B8CA6513719A}.Release|x64.Build.0 = Release|x64
		{01BBA170-D9E0-447C-9155-B8CA6513719A}.Release|x86.ActiveCfg = Release|Win32
		{01BBA170-D9E0-447C-9155-B8CA6513719A}.Release|x86.Build.0 = Release|Win32
		{A53DABEE-1550-4A88-AEE1-C751D0163F2A}.Debug|x64.ActiveCfg = Debug|x64
		{A53DABEE-1550-4A88-AEE1-C751D0163F2A}.Debug|x64.Build.0 = Debug|x64
		{A53DABEE-1550-4A88-AEE1-C751D0163F2A}.Debug|x86.ActiveCfg = Debug|Win32
		{A53DABEE-1550-4A88-AEE1-C751D0163F2A}.Debug|x86.Build.0 = Debug|Win32
		{A53DABEE-1550-4A88-AEE1-C751D0163F2A}.Release|x64.ActiveCfg = Release|x64
		{A53DABEE-1550-4A88-AEE1-C751D0163F2A}.Release|x64.Build.0 = Release|x64
		{A53DABEE-1550-4A88-AEE1-C751D0163F2A}.Release|x86.ActiveCfg = Release|Win32
		{A53DABEE-1550-4A88-AEE1-C751D0163F2A}.Release|x86.Build.0 = Release|Win32
		{5C0C1AD8-B131-42AD-8259-628C047EC6D2}.Debug|x64.ActiveCfg = Debug|x64
		{5C0C1AD8-B131-42AD-8259-628C047EC6D2}.Debug|x64.Build.0 = Debug|x64
		{5C0C1AD8-B131-42AD-8259-628C047EC6D2}.Debug|x86.ActiveCfg = Debug|Win32
		{5C0C1AD8-B131-42AD-8259-628C047EC6D2}.Debug|x86.Build.0 = Debug|Win32
		{5C0C1AD8-B131-42AD-8259-628C047EC6D2}.Release|x64.ActiveCfg = Release|x64
		{5C0C1AD8-B131-42AD-8259-628C047EC6D2}.Release|x64.Build.0 = Release|x64
		{5C0C1AD8-B131-42AD-8259-628C047EC6D2}.Release|x86.ActiveCfg = Release|Win32
		{5C0C1AD8-B131-42AD-8259-628C047EC6D2}.Release|x86.Build.0 = Release|Win32
		{ECC4AC4D-82FC-499E-A2B6-26D6A336CCB3}.Debug|x64.ActiveCfg = Debug|x64
		{ECC4AC4D-82FC-499E-A2B6-26D6A336CCB3}.Debug|x64.Build.0 = Debug|x64
		{ECC4AC4D-82FC-499E-A2B6-26D6A336CCB3}.Debug|x86.ActiveCfg = Debug|Win32
		{ECC4AC4D-82FC-499E-A2B6-26D6A336CCB3}.Debug|x86.Build.0 = Debug|Win32
		{ECC4AC4D-82FC-499E-A2B6-26D6A336CCB3}.Release|x64.ActiveCfg = Release|x64
		{ECC4AC4D-82FC-499E-A2B6-26D6A336CCB3}.Release|x64.Build.0 = Release|x64
		{ECC4AC4D-82FC-499E-A2B6-26D6A336CCB3}.Release|x86.ActiveCfg = Release|Win32
		{ECC4AC4D-82FC-499E-A2B6-26D6A336CCB3}.Release|x86.Build.0 = Release|Win32
		{A88C4560-FCA8-4E47-98F7-8B696D71803A}.Debug|x64.ActiveCfg = Debug|x64
		{A88C4560-FCA8-4E47-98F7-8B696D71803A}.Debug|x64.Build.0 = Debug|x64
		{A88C4560-FCA8-4E47-98F7-8B696D71803A}.Debug|x86.ActiveCfg = Debug|Win32
		{A88C4560-FCA8-4E47-98F7-8B696D71803A}.Debug|x86.Build.0 = Debug|Win32
		{A88C4560-FCA8-4E47-98F7-8B696D71803A}.Release|x64.ActiveCfg = Release|x64
		{A88C4560-FCA8-4E47-98F7-8B696D71803A}.Release|x64.Build.0 = Release|x64
		{A88C4560-FCA8-4E47-98F7-8B696D71803A}.Release|x86.ActiveCfg = Release|Win32
		{A88C4560-FCA8-4E47-98F7-8B696D71803A}.Release|x86.Build.0 = Release|Win32
		{F0436341-E29D-47C1-BB90-75E74093E6B3}.Debug|x64.ActiveCfg = Debug|x64
		{F0436341-E29D-47C1-BB90-75E74093E6B3}.Debug|x64.Build.0 = Debug|x64
		{F0436341-E29D-47C1-BB90-75E74093E6B3}.Debug|x86.ActiveCfg = Debug|Win32
		{F0436341-E29D-47C1-BB90-75E74093E6B3}.Debug|x86.Build.0 = Debug|Win32
		{F0436341-E29D-47C1-BB90-75E74093E6B3}.Release|x64.ActiveCfg = Release|x64
		{F0436341-E29D-47C1-BB90-75E74093E6B3}.Release|x64.Build.0 = Release|x64
		{F0436341-E29D-47C1-BB90-75E74093E6B3}.Release|x86.ActiveCfg = Release|Win32
		{F0436341-E29D-47C1-BB90-75E74093E6B3}.Release|x86.Build.0 = Release|Win32
		{72AE0764-75DD-4633-8903-35E732077B26}.Debug|x64.ActiveCfg = Debug|x64
		{72AE0764-75DD-4633-8903-35E732077B26}.Debug|x64.Build.0 = Debug|x64
		{72AE0764-75DD-4633-8903-35E732077B26}.Debug|x86.ActiveCfg = Debug|Win32
		{72AE0764-75DD-4633-8903-35E732077B26}.Debug|x86.Build.0 = Debug|Win32
		{72AE0764-75DD-4633-8903-35E732077B26}.Release|x64.ActiveCfg = Release|x64
		{72AE0764-75DD-4633-8903-35E732077B26}.Release|x64.Build.0 = Release|x64
		{72AE0764-75DD-4633-8903-35E732077B26}.Release|x86.ActiveCfg = Release|Win32
		{72AE0764-75DD-4633-8903-35E732077B26}.Release|x86.Build.0 = Release|Win32
		{6616E9F1-52D3-4391-9C1F-3E77D8C1D838}.Debug|x64.ActiveCfg = Debug|x64
		{6616E9F1-52D3-4391-9C1F-3E77D8C1D838}.Debug|x64.Build.0 = Debug|x64
		{6616E9F1-52D3-4391-9C1F-3E77D8C1D838}.Debug|x86.ActiveCfg = Debug|Win32
		{6616E9F1-52D3-4391-9C1F-3E77D8C1D838}.Debug|x86.Build.0 = Debug|Win32
		{6616E9F1-52D3-4391-9C1F-3E77D8C1D838}.Release|x64.ActiveCfg = Release|x64
		{6616E9F1-52D3-4391-9C1F-3E77D8C1D838}.Release|x64.Build.0 = Release|x64
		{6616E9F1-52D3-4391-9C1F-3E77D8C1D838}.Release|x86.ActiveCfg = Release|Win32
		{6616E9F1-52D3-4391-9C1F-3E77D8C1D838}.Release|x86.Build.0 = Release|Win32
		{9ACEB4D2-91C9-47C1-A82B-B865A9026C3E}.Debug|x64.ActiveCfg = Debug|x64
		{9ACEB4D2-91C9-47C1-A82B-B865A9026C3E}.Debug|x64.Build.0 = Debug|x64
		{9ACEB4D2-91C9-47C1-A82B-B865A9026C3E}.Debug|x86.ActiveCfg = Debug|Win32
		{9ACEB4D2-91C9-47C1-A82B-B865A9026C3E}.Debug|x86.Build.0 = Debug|Win32
		{9ACEB4D2-91C9-47C1-A82B-B865A9026C3E}.Release|x64.ActiveCfg = Release|x64
		{9ACEB4D2-91C9-47C1-A82B-B865A9026C3E}.Release|x64.Build.0 = Release|x64
		{9ACEB4D2-91C9-47C1-A82B-B865A9026C3E}.Release|x86.ActiveCfg = Release|Win32
		{9ACEB4D2-91C9-47C1-A82B-B865A9026C3E}.Release|x86.Build.0 = Release|Win32
		{7B950EDC-990D-4C3E-A38C-F41850BFD9DD}.Debug|x64.ActiveCfg = Debug|x64
		{7B950EDC-990D-4C3E-A38C-F41850BFD9DD}.Debug|x64.Build.0 = Debug|x64
		{7B950EDC-990D-4C3E-A38C-F41850BFD9DD}.Debug|x86.ActiveCfg = Debug|Win32
		{7B950EDC-990D-4C3E-A38C-F41850BFD9DD}.Debug|x86.Build.0 = Debug|Win32
		{7B950EDC-990D-4C3E-A38C-F41850BFD9DD}.Release|x64.ActiveCfg = Release|x64
		{7B950EDC-990D-4C3E-A38C-F41850BFD9DD}.Release|x64.Build.0 = Release|x64
		{7B950EDC-990D-4C3E-A38C-F41850BFD9DD}.Release|x86.ActiveCfg = Release|Win32
		{7B950EDC-990D-4C3E-A38C-F41850BFD9DD}.Release|x86.Build.0 = Release|Win32
		{960FF6C8-D148-4A0A-8266-FB8042E90388}.Debug|x64.ActiveCfg = Debug|x64
		{960FF6C8-D148-4A0A-8266-FB8042E90388}.Debug|x64.Build.0 = Debug|x64
		{960FF6C8-D148-4A0A-8266-FB8042E90388}.Debug|x86.ActiveCfg = Debug|Win32
		{960FF6C8-D148-4A0A-8266-FB8042E90388}.Debug|x86.Build.0 = Debug|Win32
		{960FF6C8-D148-4A0A-8266-FB8042E90388}.Release|x64.ActiveCfg = Release|x64
		{960FF6C8-D148-4A0A-8266-FB8042E90388}.Release|x64.Build.0 = Release|x64
		{960FF6C8-D148-4A0A-8266-FB8042E90388}.Release|x86.ActiveCfg = Release|Win32
		{960FF6C8-D148-4A0A-8266-FB8042E90388}.Release|x86.Build.0 = Release|Win32
		{0ED8DCEE-3262-4042-9103-852F3F15706D}.Debug|x64.ActiveCfg = Debug|x64
		{0ED8DCEE-3262-4042-9103-852F3F15706D}.Debug|x64.Build.0 = Debug|x64
		{0ED8DCEE-3262-4042-9103-852F3F15706D}.Debug|x86.ActiveCfg = Debug|Win32
		{0ED8DCEE-3262-4042-9103-852F3F15706D}.Debug|x86.Build.0 = Debug|Win32
		{0ED8DCEE-3262-4042-9103-852F3F15706D}.Release|x64.ActiveCfg = Release|x64
		{0ED8DCEE-3262-4042-9103-852F3F15706D}.Release|x64.Build.0 = Release|x64
		{0ED8DCEE-3262-4042-9103-852F3F15706D}.Release|x86.ActiveCfg = Release|Win32
		{0ED8DCEE-3262-4042-9103-852F3F15706D}.Release|x86.Build.0 = Release|Win32
		{44271DCB-DFF7-4345-B6AF-165E4A7EA55D}.Debug|x64.ActiveCfg = Debug|x64
		{44271DCB-DFF7-4345-B6AF-165E4A7EA55D}.Debug|x64.Build.0 = Debug|x64
		{44271DCB-DFF7-4345-B6AF-165E4A7EA55D}.Debug|x86.ActiveCfg = Debug|Win32
		{44271DCB-DFF7-4345-B6AF-165E4A7EA55D}.Debug|x86.Build.0 = Debug|Win32
		{44271DCB-DFF7-4345-B6AF-165E4A7EA55D}.Release|x64.ActiveCfg = Release|x64
		{44271DCB-DFF7-4345-B6AF-165E4A7EA55D}.Release|x64.Build.0 = Release|x64
		{44271DCB-DFF7-4345-B6AF-165E4A7EA55D}.Release|x86.ActiveCfg = Release|Win32
		{44271DCB-DFF7-4345-B6AF-165E4A7EA55D}.Release|x86.Build.0 = Release|Win32
		{53D1F57F-B15D-4F1D-B13B-5F17A5A83C1C}.Debug|x64.ActiveCfg = Debug|x64
		{53D1F57F-B15D-4F1D-B13B-5F17A5A83C1C}.Debug|x64.Build.0 = Debug|x64
		{53D1F57F-B15D-4F1D-B13B-5F17A5A83C1C}.Debug|x86.ActiveCfg = Debug|Win32
		{53D1F57F-B15D-4F1D-B13B-5F17A5A83C1C}.Debug|x86.Build.0 = Debug|Win32
		{53D1F57F-B15D-4F1D-B13B-5F17A5A83C1C}.Release|x64.ActiveCfg = Release|x64
		{53D1F57F-B15D-4F1D-B13B-5F17A5A83C1C}.Release|x64.Build.0 = Release|x64
		{53D1F57F-B15D-4F1D-B13B-5F17A5A83C1C}.Release|x86.ActiveCfg = Release|Win32
		{53D1F57F-B15D-4F1D-B13B-5F17A5A83C1C}.Release|x86.Build.0 = Release|Win32
		{DF38D5C2-4854-4EB8-A66D-0C318078A017}.Debug|x64.ActiveCfg = Debug|x64
		{DF38D5C2-4854-4EB8-A66D-0C318078A017}.Debug|x64.Build.0 = Debug|x64
		{DF38D5C2-4854-4EB8-A66D-0C318078A017}.Debug|x86.ActiveCfg = Debug|Win32
		{DF38D5C2-4854-4EB8-A66D-0C318078A017}.Debug|x86.Build.0 = Debug|Win32
		{DF38D5C2-4854-4EB8-A66D-0C318078A017}.Release|x64.ActiveCfg = Release|x64
		{DF38D5C2-4854-4EB8-A66D-0C318078A017}.Release|x64.Build.0 = Release|x64
		{DF38D5C2-4854-4EB8-A66D-0C318078A017}.Release|x86.ActiveCfg = Release|Win32
		{DF38D5C2-4854-4EB8-A66D-0C318078A017}.Release|x86.Build.0 = Release|Win32
		{136385DB-C254-4D32-AEFB-BADC0F9D0660}.Debug|x64.ActiveCfg = Debug|x64
		{136385DB-C254-4D32-AEFB-BADC0F9D0660}.Debug|x64.Build.0 = Debug|x64
		{136385DB-C254-4D32-AEFB-BADC0F9D0660}.Debug|x86.ActiveCfg = Debug|Win32
		{136385DB-C254-4D32-AEFB-BADC0F9D0660}.Debug|x86.Build.0 = Debug|Win32
		{136385DB-C254-4D32-AEFB-BADC0F9D0660}.Release|x64.ActiveCfg = Release|x64
		{136385DB-C254-4D32-AEFB-BADC0F9D0660}.Release|x64.Build.0 = Release|x64
		{136385DB-C254-4D32-AEFB-BADC0F9D0660}.Release|x86.ActiveCfg = Release|Win32
		{136385DB-C254-4D32-AEFB-BADC0F9D0660}.Release|x86.Build.0 = Release|Win32
		{AFE59599-1598-48C4-98AB-BE8B53DF91C5}.Debug|x64.ActiveCfg = Debug|x64
		{AFE59599-1598-48C4-98AB-BE8B53DF91C5}.Debug|x64.Build.0 = Debug|x64
		{AFE59599-1598-48C4-98AB-BE8B53DF91C5}.Debug|x86.ActiveCfg = Debug|Win32
		{AFE59599-1598-48C4-98AB-BE8B53DF91C5}.Debug|x86.Build.0 = Debug|Win32
		{AFE59599-1598-48C4-98AB-BE8B53DF91C5}.Release|x64.ActiveCfg = Release|x64
		{AFE59599-1598-48C4-98AB-BE8B53DF91C5}.Release|x64.Build.0 = Release|x64
		{AFE59599-1598-48C4-98AB-BE8B53DF91C5}.Release|x86.ActiveCfg = Release|Win32
		{AFE59599-1598-48C4-98AB-BE8B53DF91C5}.Release|x86.Build.0 = Release|Win32
	EndGlobalSection
	GlobalSection(SolutionProperties) = preSolution
		HideSolutionNode = FALSE
	EndGlobalSection
	GlobalSection(ExtensibilityGlobals) = postSolution
		SolutionGuid = {C0A1011A-3398-4F14-9641-6EAAD01A88E0}
	EndGlobalSection
EndGlobal
